
Microsoft Visual Studio Solution File, Format Version 12.00
# Visual Studio 2013
VisualStudioVersion = 12.0.40629.0
MinimumVisualStudioVersion = 10.0.40219.1
Project("{FAE04EC0-301F-11D3-BF4B-00C04F79EFBC}") = "FXStreet.ApiDocumentation.WebForms", "ApiDocumentation\Source\FXStreet.ApiDocumentation.WebForms\FXStreet.ApiDocumentation.WebForms.csproj", "{CFA30688-CBFC-436F-AEE6-286BDAA8609A}"
EndProject
Project("{2150E333-8FDC-42A3-9474-1A3956D46DE8}") = "1- Presentation", "1- Presentation", "{DC2F50D2-44B1-4127-AC15-ADE08E314ACA}"
EndProject
Project("{2150E333-8FDC-42A3-9474-1A3956D46DE8}") = "0- Deployments", "0- Deployments", "{8BF1F191-987B-4C9C-B389-911C4B0EDFB2}"
EndProject
Project("{CC5FD16D-436D-48AD-A40C-5A424C6E3E79}") = "FXStreet.ApiDocumentation.WebForms.Azure", "ApiDocumentation\Deployment\FXStreet.ApiDocumentation.WebForms.Azure\FXStreet.ApiDocumentation.WebForms.Azure.ccproj", "{0469410C-559D-4865-BAD3-FEF1BD5F9B01}"
EndProject
Global
	GlobalSection(TeamFoundationVersionControl) = preSolution
		SccNumberOfProjects = 3
		SccEnterpriseProvider = {4CA58AB2-18FA-4F8D-95D4-32DDF27D184C}
		SccTeamFoundationServer = https://fxstreet.visualstudio.com/defaultcollection
		SccProjectUniqueName0 = ApiDocumentation\\Source\\FXStreet.ApiDocumentation.WebForms\\FXStreet.ApiDocumentation.WebForms.csproj
		SccProjectTopLevelParentUniqueName0 = ApiDocumentation.sln
		SccProjectName0 = ApiDocumentation/Source/FXStreet.ApiDocumentation.WebForms
		SccLocalPath0 = ApiDocumentation\\Source\\FXStreet.ApiDocumentation.WebForms
		SccLocalPath1 = .
		SccProjectUniqueName2 = ApiDocumentation\\Deployment\\FXStreet.ApiDocumentation.WebForms.Azure\\FXStreet.ApiDocumentation.WebForms.Azure.ccproj
		SccProjectTopLevelParentUniqueName2 = ApiDocumentation.sln
		SccProjectName2 = ApiDocumentation/Deployment/FXStreet.ApiDocumentation.WebForms.Azure
		SccLocalPath2 = ApiDocumentation\\Deployment\\FXStreet.ApiDocumentation.WebForms.Azure
	EndGlobalSection
	GlobalSection(SolutionConfigurationPlatforms) = preSolution
		Debug|Any CPU = Debug|Any CPU
		Release|Any CPU = Release|Any CPU
	EndGlobalSection
	GlobalSection(ProjectConfigurationPlatforms) = postSolution
		{CFA30688-CBFC-436F-AEE6-286BDAA8609A}.Debug|Any CPU.ActiveCfg = Debug|Any CPU
		{CFA30688-CBFC-436F-AEE6-286BDAA8609A}.Debug|Any CPU.Build.0 = Debug|Any CPU
		{CFA30688-CBFC-436F-AEE6-286BDAA8609A}.Release|Any CPU.ActiveCfg = Release|Any CPU
		{CFA30688-CBFC-436F-AEE6-286BDAA8609A}.Release|Any CPU.Build.0 = Release|Any CPU
		{0469410C-559D-4865-BAD3-FEF1BD5F9B01}.Debug|Any CPU.ActiveCfg = Debug|Any CPU
		{0469410C-559D-4865-BAD3-FEF1BD5F9B01}.Debug|Any CPU.Build.0 = Debug|Any CPU
		{0469410C-559D-4865-BAD3-FEF1BD5F9B01}.Release|Any CPU.ActiveCfg = Release|Any CPU
		{0469410C-559D-4865-BAD3-FEF1BD5F9B01}.Release|Any CPU.Build.0 = Release|Any CPU
	EndGlobalSection
	GlobalSection(SolutionProperties) = preSolution
		HideSolutionNode = FALSE
	EndGlobalSection
	GlobalSection(NestedProjects) = preSolution
		{CFA30688-CBFC-436F-AEE6-286BDAA8609A} = {DC2F50D2-44B1-4127-AC15-ADE08E314ACA}
		{0469410C-559D-4865-BAD3-FEF1BD5F9B01} = {8BF1F191-987B-4C9C-B389-911C4B0EDFB2}
	EndGlobalSection
EndGlobal
